
Microsoft Visual Studio Solution File, Format Version 12.00
# Visual Studio Version 17
VisualStudioVersion = 17.7.34024.191
MinimumVisualStudioVersion = 10.0.40219.1
Project("{9A19103F-16F7-4668-BE54-9A1E7A4F7556}") = "QuadraticEquation", "QuadraticEquation\QuadraticEquation.csproj", "{020EC793-B23B-4B50-B132-4428B3A2CA27}"
EndProject
Project("{9A19103F-16F7-4668-BE54-9A1E7A4F7556}") = "PointsAverage", "PointsAverage\PointsAverage.csproj", "{E69747C8-8F5E-4C6F-B691-796B66FCF47A}"
EndProject
Project("{9A19103F-16F7-4668-BE54-9A1E7A4F7556}") = "SwitchValues", "SwitchValues\SwitchValues.csproj", "{AE251C33-9994-4565-B333-6D859F52FEF1}"
EndProject
Project("{FAE04EC0-301F-11D3-BF4B-00C04F79EFBC}") = "While1", "While1\While1.csproj", "{6D8C28EE-8316-448A-9587-D41E3F116672}"
EndProject
Global
	GlobalSection(SolutionConfigurationPlatforms) = preSolution
		Debug|Any CPU = Debug|Any CPU
		Release|Any CPU = Release|Any CPU
	EndGlobalSection
	GlobalSection(ProjectConfigurationPlatforms) = postSolution
		{020EC793-B23B-4B50-B132-4428B3A2CA27}.Debug|Any CPU.ActiveCfg = Debug|Any CPU
		{020EC793-B23B-4B50-B132-4428B3A2CA27}.Debug|Any CPU.Build.0 = Debug|Any CPU
		{020EC793-B23B-4B50-B132-4428B3A2CA27}.Release|Any CPU.ActiveCfg = Release|Any CPU
		{020EC793-B23B-4B50-B132-4428B3A2CA27}.Release|Any CPU.Build.0 = Release|Any CPU
		{E69747C8-8F5E-4C6F-B691-796B66FCF47A}.Debug|Any CPU.ActiveCfg = Debug|Any CPU
		{E69747C8-8F5E-4C6F-B691-796B66FCF47A}.Debug|Any CPU.Build.0 = Debug|Any CPU
		{E69747C8-8F5E-4C6F-B691-796B66FCF47A}.Release|Any CPU.ActiveCfg = Release|Any CPU
		{E69747C8-8F5E-4C6F-B691-796B66FCF47A}.Release|Any CPU.Build.0 = Release|Any CPU
		{AE251C33-9994-4565-B333-6D859F52FEF1}.Debug|Any CPU.ActiveCfg = Debug|Any CPU
		{AE251C33-9994-4565-B333-6D859F52FEF1}.Debug|Any CPU.Build.0 = Debug|Any CPU
		{AE251C33-9994-4565-B333-6D859F52FEF1}.Release|Any CPU.ActiveCfg = Release|Any CPU
		{AE251C33-9994-4565-B333-6D859F52FEF1}.Release|Any CPU.Build.0 = Release|Any CPU
		{6D8C28EE-8316-448A-9587-D41E3F116672}.Debug|Any CPU.ActiveCfg = Debug|Any CPU
		{6D8C28EE-8316-448A-9587-D41E3F116672}.Debug|Any CPU.Build.0 = Debug|Any CPU
		{6D8C28EE-8316-448A-9587-D41E3F116672}.Release|Any CPU.ActiveCfg = Release|Any CPU
		{6D8C28EE-8316-448A-9587-D41E3F116672}.Release|Any CPU.Build.0 = Release|Any CPU
	EndGlobalSection
	GlobalSection(SolutionProperties) = preSolution
		HideSolutionNode = FALSE
	EndGlobalSection
	GlobalSection(ExtensibilityGlobals) = postSolution
		SolutionGuid = {8097F4EF-900E-4801-8F4B-9553C3C83253}
	EndGlobalSection
EndGlobal
